// !$*UTF8*$!
{
	archiveVersion = 1;
	classes = {
	};
	objectVersion = 55;
	objects = {

/* Begin PBXBuildFile section */
		0F1ADAE15B31987900AEABA6 /* Pods_ReactiveImageSearcher_RxSwiftTests.framework in Frameworks */ = {isa = PBXBuildFile; fileRef = 1C6BE26211FBBA5D81927715 /* Pods_ReactiveImageSearcher_RxSwiftTests.framework */; };
		4EDC0668A924AD50FAA47759 /* Pods_ReactiveImageSearcher_RxSwift.framework in Frameworks */ = {isa = PBXBuildFile; fileRef = 8691E3CF9BA43501265E139D /* Pods_ReactiveImageSearcher_RxSwift.framework */; };
		7FA2A08B2840D9F800413275 /* AppDelegate.swift in Sources */ = {isa = PBXBuildFile; fileRef = 7FA2A08A2840D9F800413275 /* AppDelegate.swift */; };
		7FA2A08D2840D9F800413275 /* SceneDelegate.swift in Sources */ = {isa = PBXBuildFile; fileRef = 7FA2A08C2840D9F800413275 /* SceneDelegate.swift */; };
		7FA2A08F2840D9F800413275 /* MainViewController.swift in Sources */ = {isa = PBXBuildFile; fileRef = 7FA2A08E2840D9F800413275 /* MainViewController.swift */; };
		7FA2A0922840D9F800413275 /* Main.storyboard in Resources */ = {isa = PBXBuildFile; fileRef = 7FA2A0902840D9F800413275 /* Main.storyboard */; };
		7FA2A0942840D9F900413275 /* Assets.xcassets in Resources */ = {isa = PBXBuildFile; fileRef = 7FA2A0932840D9F900413275 /* Assets.xcassets */; };
		7FA2A0972840D9F900413275 /* LaunchScreen.storyboard in Resources */ = {isa = PBXBuildFile; fileRef = 7FA2A0952840D9F900413275 /* LaunchScreen.storyboard */; };
		7FA2A0A22840D9F900413275 /* ReactiveImageSearcher_RxSwiftTests.swift in Sources */ = {isa = PBXBuildFile; fileRef = 7FA2A0A12840D9F900413275 /* ReactiveImageSearcher_RxSwiftTests.swift */; };
		7FA2A0AC2840D9F900413275 /* ReactiveImageSearcher_RxSwiftUITests.swift in Sources */ = {isa = PBXBuildFile; fileRef = 7FA2A0AB2840D9F900413275 /* ReactiveImageSearcher_RxSwiftUITests.swift */; };
		7FA2A0AE2840D9F900413275 /* ReactiveImageSearcher_RxSwiftUITestsLaunchTests.swift in Sources */ = {isa = PBXBuildFile; fileRef = 7FA2A0AD2840D9F900413275 /* ReactiveImageSearcher_RxSwiftUITestsLaunchTests.swift */; };
		7FC1597D286A98E200D782A8 /* Endpoint.swift in Sources */ = {isa = PBXBuildFile; fileRef = 7FC1597C286A98E200D782A8 /* Endpoint.swift */; };
		7FC1597F286A993E00D782A8 /* NetworkConfiguration.swift in Sources */ = {isa = PBXBuildFile; fileRef = 7FC1597E286A993E00D782A8 /* NetworkConfiguration.swift */; };
		7FC15981286AEA8700D782A8 /* NetworkService.swift in Sources */ = {isa = PBXBuildFile; fileRef = 7FC15980286AEA8700D782A8 /* NetworkService.swift */; };
		7FC15983286C8D0500D782A8 /* NetworkServiceTests.swift in Sources */ = {isa = PBXBuildFile; fileRef = 7FC15982286C8D0500D782A8 /* NetworkServiceTests.swift */; };
		FFDD18E90DBC989EFE6BE131 /* Pods_ReactiveImageSearcher_RxSwift_ReactiveImageSearcher_RxSwiftUITests.framework in Frameworks */ = {isa = PBXBuildFile; fileRef = 0E78CBE93A6DA8B8ACC22C55 /* Pods_ReactiveImageSearcher_RxSwift_ReactiveImageSearcher_RxSwiftUITests.framework */; };
/* End PBXBuildFile section */

/* Begin PBXContainerItemProxy section */
		7FA2A09E2840D9F900413275 /* PBXContainerItemProxy */ = {
			isa = PBXContainerItemProxy;
			containerPortal = 7FA2A07F2840D9F800413275 /* Project object */;
			proxyType = 1;
			remoteGlobalIDString = 7FA2A0862840D9F800413275;
			remoteInfo = "ReactiveImageSearcher+RxSwift";
		};
		7FA2A0A82840D9F900413275 /* PBXContainerItemProxy */ = {
			isa = PBXContainerItemProxy;
			containerPortal = 7FA2A07F2840D9F800413275 /* Project object */;
			proxyType = 1;
			remoteGlobalIDString = 7FA2A0862840D9F800413275;
			remoteInfo = "ReactiveImageSearcher+RxSwift";
		};
/* End PBXContainerItemProxy section */

/* Begin PBXFileReference section */
		065814C607D10D4F902912A1 /* Pods-ReactiveImageSearcher+RxSwiftTests.release.xcconfig */ = {isa = PBXFileReference; includeInIndex = 1; lastKnownFileType = text.xcconfig; name = "Pods-ReactiveImageSearcher+RxSwiftTests.release.xcconfig"; path = "Target Support Files/Pods-ReactiveImageSearcher+RxSwiftTests/Pods-ReactiveImageSearcher+RxSwiftTests.release.xcconfig"; sourceTree = "<group>"; };
		0E78CBE93A6DA8B8ACC22C55 /* Pods_ReactiveImageSearcher_RxSwift_ReactiveImageSearcher_RxSwiftUITests.framework */ = {isa = PBXFileReference; explicitFileType = wrapper.framework; includeInIndex = 0; path = Pods_ReactiveImageSearcher_RxSwift_ReactiveImageSearcher_RxSwiftUITests.framework; sourceTree = BUILT_PRODUCTS_DIR; };
		1C6BE26211FBBA5D81927715 /* Pods_ReactiveImageSearcher_RxSwiftTests.framework */ = {isa = PBXFileReference; explicitFileType = wrapper.framework; includeInIndex = 0; path = Pods_ReactiveImageSearcher_RxSwiftTests.framework; sourceTree = BUILT_PRODUCTS_DIR; };
		371CEDF229F5FF8CAF71365D /* Pods-ReactiveImageSearcher+RxSwift.debug.xcconfig */ = {isa = PBXFileReference; includeInIndex = 1; lastKnownFileType = text.xcconfig; name = "Pods-ReactiveImageSearcher+RxSwift.debug.xcconfig"; path = "Target Support Files/Pods-ReactiveImageSearcher+RxSwift/Pods-ReactiveImageSearcher+RxSwift.debug.xcconfig"; sourceTree = "<group>"; };
		7FA2A0872840D9F800413275 /* ReactiveImageSearcher+RxSwift.app */ = {isa = PBXFileReference; explicitFileType = wrapper.application; includeInIndex = 0; path = "ReactiveImageSearcher+RxSwift.app"; sourceTree = BUILT_PRODUCTS_DIR; };
		7FA2A08A2840D9F800413275 /* AppDelegate.swift */ = {isa = PBXFileReference; lastKnownFileType = sourcecode.swift; path = AppDelegate.swift; sourceTree = "<group>"; };
		7FA2A08C2840D9F800413275 /* SceneDelegate.swift */ = {isa = PBXFileReference; lastKnownFileType = sourcecode.swift; path = SceneDelegate.swift; sourceTree = "<group>"; };
		7FA2A08E2840D9F800413275 /* MainViewController.swift */ = {isa = PBXFileReference; lastKnownFileType = sourcecode.swift; path = MainViewController.swift; sourceTree = "<group>"; };
		7FA2A0912840D9F800413275 /* Base */ = {isa = PBXFileReference; lastKnownFileType = file.storyboard; name = Base; path = Base.lproj/Main.storyboard; sourceTree = "<group>"; };
		7FA2A0932840D9F900413275 /* Assets.xcassets */ = {isa = PBXFileReference; lastKnownFileType = folder.assetcatalog; path = Assets.xcassets; sourceTree = "<group>"; };
		7FA2A0962840D9F900413275 /* Base */ = {isa = PBXFileReference; lastKnownFileType = file.storyboard; name = Base; path = Base.lproj/LaunchScreen.storyboard; sourceTree = "<group>"; };
		7FA2A0982840D9F900413275 /* Info.plist */ = {isa = PBXFileReference; lastKnownFileType = text.plist.xml; path = Info.plist; sourceTree = "<group>"; };
		7FA2A09D2840D9F900413275 /* ReactiveImageSearcher+RxSwiftTests.xctest */ = {isa = PBXFileReference; explicitFileType = wrapper.cfbundle; includeInIndex = 0; path = "ReactiveImageSearcher+RxSwiftTests.xctest"; sourceTree = BUILT_PRODUCTS_DIR; };
		7FA2A0A12840D9F900413275 /* ReactiveImageSearcher_RxSwiftTests.swift */ = {isa = PBXFileReference; lastKnownFileType = sourcecode.swift; path = ReactiveImageSearcher_RxSwiftTests.swift; sourceTree = "<group>"; };
		7FA2A0A72840D9F900413275 /* ReactiveImageSearcher+RxSwiftUITests.xctest */ = {isa = PBXFileReference; explicitFileType = wrapper.cfbundle; includeInIndex = 0; path = "ReactiveImageSearcher+RxSwiftUITests.xctest"; sourceTree = BUILT_PRODUCTS_DIR; };
		7FA2A0AB2840D9F900413275 /* ReactiveImageSearcher_RxSwiftUITests.swift */ = {isa = PBXFileReference; lastKnownFileType = sourcecode.swift; path = ReactiveImageSearcher_RxSwiftUITests.swift; sourceTree = "<group>"; };
		7FA2A0AD2840D9F900413275 /* ReactiveImageSearcher_RxSwiftUITestsLaunchTests.swift */ = {isa = PBXFileReference; lastKnownFileType = sourcecode.swift; path = ReactiveImageSearcher_RxSwiftUITestsLaunchTests.swift; sourceTree = "<group>"; };
		7FC1597C286A98E200D782A8 /* Endpoint.swift */ = {isa = PBXFileReference; lastKnownFileType = sourcecode.swift; path = Endpoint.swift; sourceTree = "<group>"; };
		7FC1597E286A993E00D782A8 /* NetworkConfiguration.swift */ = {isa = PBXFileReference; lastKnownFileType = sourcecode.swift; path = NetworkConfiguration.swift; sourceTree = "<group>"; };
		7FC15980286AEA8700D782A8 /* NetworkService.swift */ = {isa = PBXFileReference; lastKnownFileType = sourcecode.swift; path = NetworkService.swift; sourceTree = "<group>"; };
		7FC15982286C8D0500D782A8 /* NetworkServiceTests.swift */ = {isa = PBXFileReference; lastKnownFileType = sourcecode.swift; path = NetworkServiceTests.swift; sourceTree = "<group>"; };
		8691E3CF9BA43501265E139D /* Pods_ReactiveImageSearcher_RxSwift.framework */ = {isa = PBXFileReference; explicitFileType = wrapper.framework; includeInIndex = 0; path = Pods_ReactiveImageSearcher_RxSwift.framework; sourceTree = BUILT_PRODUCTS_DIR; };
		8924D1E562DF84517456A7AF /* Pods-ReactiveImageSearcher+RxSwift.release.xcconfig */ = {isa = PBXFileReference; includeInIndex = 1; lastKnownFileType = text.xcconfig; name = "Pods-ReactiveImageSearcher+RxSwift.release.xcconfig"; path = "Target Support Files/Pods-ReactiveImageSearcher+RxSwift/Pods-ReactiveImageSearcher+RxSwift.release.xcconfig"; sourceTree = "<group>"; };
		AA6C48DB71C2A11C6548CC81 /* Pods-ReactiveImageSearcher+RxSwiftTests.debug.xcconfig */ = {isa = PBXFileReference; includeInIndex = 1; lastKnownFileType = text.xcconfig; name = "Pods-ReactiveImageSearcher+RxSwiftTests.debug.xcconfig"; path = "Target Support Files/Pods-ReactiveImageSearcher+RxSwiftTests/Pods-ReactiveImageSearcher+RxSwiftTests.debug.xcconfig"; sourceTree = "<group>"; };
		BCE77C8FFC91D1BB3D70536F /* Pods-ReactiveImageSearcher+RxSwift-ReactiveImageSearcher+RxSwiftUITests.release.xcconfig */ = {isa = PBXFileReference; includeInIndex = 1; lastKnownFileType = text.xcconfig; name = "Pods-ReactiveImageSearcher+RxSwift-ReactiveImageSearcher+RxSwiftUITests.release.xcconfig"; path = "Target Support Files/Pods-ReactiveImageSearcher+RxSwift-ReactiveImageSearcher+RxSwiftUITests/Pods-ReactiveImageSearcher+RxSwift-ReactiveImageSearcher+RxSwiftUITests.release.xcconfig"; sourceTree = "<group>"; };
		D12385DCC3B7E76AB032ACCD /* Pods-ReactiveImageSearcher+RxSwift-ReactiveImageSearcher+RxSwiftUITests.debug.xcconfig */ = {isa = PBXFileReference; includeInIndex = 1; lastKnownFileType = text.xcconfig; name = "Pods-ReactiveImageSearcher+RxSwift-ReactiveImageSearcher+RxSwiftUITests.debug.xcconfig"; path = "Target Support Files/Pods-ReactiveImageSearcher+RxSwift-ReactiveImageSearcher+RxSwiftUITests/Pods-ReactiveImageSearcher+RxSwift-ReactiveImageSearcher+RxSwiftUITests.debug.xcconfig"; sourceTree = "<group>"; };
/* End PBXFileReference section */

/* Begin PBXFrameworksBuildPhase section */
		7FA2A0842840D9F800413275 /* Frameworks */ = {
			isa = PBXFrameworksBuildPhase;
			buildActionMask = 2147483647;
			files = (
				4EDC0668A924AD50FAA47759 /* Pods_ReactiveImageSearcher_RxSwift.framework in Frameworks */,
			);
			runOnlyForDeploymentPostprocessing = 0;
		};
		7FA2A09A2840D9F900413275 /* Frameworks */ = {
			isa = PBXFrameworksBuildPhase;
			buildActionMask = 2147483647;
			files = (
				0F1ADAE15B31987900AEABA6 /* Pods_ReactiveImageSearcher_RxSwiftTests.framework in Frameworks */,
			);
			runOnlyForDeploymentPostprocessing = 0;
		};
		7FA2A0A42840D9F900413275 /* Frameworks */ = {
			isa = PBXFrameworksBuildPhase;
			buildActionMask = 2147483647;
			files = (
				FFDD18E90DBC989EFE6BE131 /* Pods_ReactiveImageSearcher_RxSwift_ReactiveImageSearcher_RxSwiftUITests.framework in Frameworks */,
			);
			runOnlyForDeploymentPostprocessing = 0;
		};
/* End PBXFrameworksBuildPhase section */

/* Begin PBXGroup section */
		05A290167470ADAC14E85628 /* Pods */ = {
			isa = PBXGroup;
			children = (
				371CEDF229F5FF8CAF71365D /* Pods-ReactiveImageSearcher+RxSwift.debug.xcconfig */,
				8924D1E562DF84517456A7AF /* Pods-ReactiveImageSearcher+RxSwift.release.xcconfig */,
				D12385DCC3B7E76AB032ACCD /* Pods-ReactiveImageSearcher+RxSwift-ReactiveImageSearcher+RxSwiftUITests.debug.xcconfig */,
				BCE77C8FFC91D1BB3D70536F /* Pods-ReactiveImageSearcher+RxSwift-ReactiveImageSearcher+RxSwiftUITests.release.xcconfig */,
				AA6C48DB71C2A11C6548CC81 /* Pods-ReactiveImageSearcher+RxSwiftTests.debug.xcconfig */,
				065814C607D10D4F902912A1 /* Pods-ReactiveImageSearcher+RxSwiftTests.release.xcconfig */,
			);
			path = Pods;
			sourceTree = "<group>";
		};
		7FA2A07E2840D9F800413275 = {
			isa = PBXGroup;
			children = (
				7FA2A0892840D9F800413275 /* ReactiveImageSearcher+RxSwift */,
				7FA2A0A02840D9F900413275 /* ReactiveImageSearcher+RxSwiftTests */,
				7FA2A0AA2840D9F900413275 /* ReactiveImageSearcher+RxSwiftUITests */,
				7FA2A0882840D9F800413275 /* Products */,
				05A290167470ADAC14E85628 /* Pods */,
				B7587F3D8C91A2BD213530CF /* Frameworks */,
			);
			sourceTree = "<group>";
		};
		7FA2A0882840D9F800413275 /* Products */ = {
			isa = PBXGroup;
			children = (
				7FA2A0872840D9F800413275 /* ReactiveImageSearcher+RxSwift.app */,
				7FA2A09D2840D9F900413275 /* ReactiveImageSearcher+RxSwiftTests.xctest */,
				7FA2A0A72840D9F900413275 /* ReactiveImageSearcher+RxSwiftUITests.xctest */,
			);
			name = Products;
			sourceTree = "<group>";
		};
		7FA2A0892840D9F800413275 /* ReactiveImageSearcher+RxSwift */ = {
			isa = PBXGroup;
			children = (
				7FC1597B286A8EA100D782A8 /* Network */,
				7FA2A08A2840D9F800413275 /* AppDelegate.swift */,
				7FA2A08C2840D9F800413275 /* SceneDelegate.swift */,
				7FA2A08E2840D9F800413275 /* MainViewController.swift */,
				7FA2A0902840D9F800413275 /* Main.storyboard */,
				7FA2A0932840D9F900413275 /* Assets.xcassets */,
				7FA2A0952840D9F900413275 /* LaunchScreen.storyboard */,
				7FA2A0982840D9F900413275 /* Info.plist */,
			);
			path = "ReactiveImageSearcher+RxSwift";
			sourceTree = "<group>";
		};
		7FA2A0A02840D9F900413275 /* ReactiveImageSearcher+RxSwiftTests */ = {
			isa = PBXGroup;
			children = (
				7FA2A0A12840D9F900413275 /* ReactiveImageSearcher_RxSwiftTests.swift */,
				7FC15982286C8D0500D782A8 /* NetworkServiceTests.swift */,
			);
			path = "ReactiveImageSearcher+RxSwiftTests";
			sourceTree = "<group>";
		};
		7FA2A0AA2840D9F900413275 /* ReactiveImageSearcher+RxSwiftUITests */ = {
			isa = PBXGroup;
			children = (
				7FA2A0AB2840D9F900413275 /* ReactiveImageSearcher_RxSwiftUITests.swift */,
				7FA2A0AD2840D9F900413275 /* ReactiveImageSearcher_RxSwiftUITestsLaunchTests.swift */,
			);
			path = "ReactiveImageSearcher+RxSwiftUITests";
			sourceTree = "<group>";
		};
		7FC1597B286A8EA100D782A8 /* Network */ = {
			isa = PBXGroup;
			children = (
				7FC1597C286A98E200D782A8 /* Endpoint.swift */,
				7FC1597E286A993E00D782A8 /* NetworkConfiguration.swift */,
				7FC15980286AEA8700D782A8 /* NetworkService.swift */,
			);
			path = Network;
			sourceTree = "<group>";
		};
		B7587F3D8C91A2BD213530CF /* Frameworks */ = {
			isa = PBXGroup;
			children = (
				8691E3CF9BA43501265E139D /* Pods_ReactiveImageSearcher_RxSwift.framework */,
				0E78CBE93A6DA8B8ACC22C55 /* Pods_ReactiveImageSearcher_RxSwift_ReactiveImageSearcher_RxSwiftUITests.framework */,
				1C6BE26211FBBA5D81927715 /* Pods_ReactiveImageSearcher_RxSwiftTests.framework */,
			);
			name = Frameworks;
			sourceTree = "<group>";
		};
/* End PBXGroup section */

/* Begin PBXNativeTarget section */
		7FA2A0862840D9F800413275 /* ReactiveImageSearcher+RxSwift */ = {
			isa = PBXNativeTarget;
			buildConfigurationList = 7FA2A0B12840D9F900413275 /* Build configuration list for PBXNativeTarget "ReactiveImageSearcher+RxSwift" */;
			buildPhases = (
				451F9ADB2A8884582FD80458 /* [CP] Check Pods Manifest.lock */,
				7FA2A0832840D9F800413275 /* Sources */,
				7FA2A0842840D9F800413275 /* Frameworks */,
				7FA2A0852840D9F800413275 /* Resources */,
				23E5B41EE1F7CBC02DFC1830 /* [CP] Embed Pods Frameworks */,
			);
			buildRules = (
			);
			dependencies = (
			);
			name = "ReactiveImageSearcher+RxSwift";
			productName = "ReactiveImageSearcher+RxSwift";
			productReference = 7FA2A0872840D9F800413275 /* ReactiveImageSearcher+RxSwift.app */;
			productType = "com.apple.product-type.application";
		};
		7FA2A09C2840D9F900413275 /* ReactiveImageSearcher+RxSwiftTests */ = {
			isa = PBXNativeTarget;
			buildConfigurationList = 7FA2A0B42840D9F900413275 /* Build configuration list for PBXNativeTarget "ReactiveImageSearcher+RxSwiftTests" */;
			buildPhases = (
				7A96660F70A3BC72666F5DA9 /* [CP] Check Pods Manifest.lock */,
				7FA2A0992840D9F900413275 /* Sources */,
				7FA2A09A2840D9F900413275 /* Frameworks */,
				7FA2A09B2840D9F900413275 /* Resources */,
				0C7557DB183070C702724C21 /* [CP] Embed Pods Frameworks */,
			);
			buildRules = (
			);
			dependencies = (
				7FA2A09F2840D9F900413275 /* PBXTargetDependency */,
			);
			name = "ReactiveImageSearcher+RxSwiftTests";
			productName = "ReactiveImageSearcher+RxSwiftTests";
			productReference = 7FA2A09D2840D9F900413275 /* ReactiveImageSearcher+RxSwiftTests.xctest */;
			productType = "com.apple.product-type.bundle.unit-test";
		};
		7FA2A0A62840D9F900413275 /* ReactiveImageSearcher+RxSwiftUITests */ = {
			isa = PBXNativeTarget;
			buildConfigurationList = 7FA2A0B72840D9F900413275 /* Build configuration list for PBXNativeTarget "ReactiveImageSearcher+RxSwiftUITests" */;
			buildPhases = (
				A3BD816815A38BF0B7019EF8 /* [CP] Check Pods Manifest.lock */,
				7FA2A0A32840D9F900413275 /* Sources */,
				7FA2A0A42840D9F900413275 /* Frameworks */,
				7FA2A0A52840D9F900413275 /* Resources */,
				4F056066A39DE37E8B0022D0 /* [CP] Embed Pods Frameworks */,
			);
			buildRules = (
			);
			dependencies = (
				7FA2A0A92840D9F900413275 /* PBXTargetDependency */,
			);
			name = "ReactiveImageSearcher+RxSwiftUITests";
			productName = "ReactiveImageSearcher+RxSwiftUITests";
			productReference = 7FA2A0A72840D9F900413275 /* ReactiveImageSearcher+RxSwiftUITests.xctest */;
			productType = "com.apple.product-type.bundle.ui-testing";
		};
/* End PBXNativeTarget section */

/* Begin PBXProject section */
		7FA2A07F2840D9F800413275 /* Project object */ = {
			isa = PBXProject;
			attributes = {
				BuildIndependentTargetsInParallel = 1;
				LastSwiftUpdateCheck = 1340;
				LastUpgradeCheck = 1340;
				TargetAttributes = {
					7FA2A0862840D9F800413275 = {
						CreatedOnToolsVersion = 13.4;
					};
					7FA2A09C2840D9F900413275 = {
						CreatedOnToolsVersion = 13.4;
						TestTargetID = 7FA2A0862840D9F800413275;
					};
					7FA2A0A62840D9F900413275 = {
						CreatedOnToolsVersion = 13.4;
						TestTargetID = 7FA2A0862840D9F800413275;
					};
				};
			};
			buildConfigurationList = 7FA2A0822840D9F800413275 /* Build configuration list for PBXProject "ReactiveImageSearcher+RxSwift" */;
			compatibilityVersion = "Xcode 13.0";
			developmentRegion = en;
			hasScannedForEncodings = 0;
			knownRegions = (
				en,
				Base,
			);
			mainGroup = 7FA2A07E2840D9F800413275;
			productRefGroup = 7FA2A0882840D9F800413275 /* Products */;
			projectDirPath = "";
			projectRoot = "";
			targets = (
				7FA2A0862840D9F800413275 /* ReactiveImageSearcher+RxSwift */,
				7FA2A09C2840D9F900413275 /* ReactiveImageSearcher+RxSwiftTests */,
				7FA2A0A62840D9F900413275 /* ReactiveImageSearcher+RxSwiftUITests */,
			);
		};
/* End PBXProject section */

/* Begin PBXResourcesBuildPhase section */
		7FA2A0852840D9F800413275 /* Resources */ = {
			isa = PBXResourcesBuildPhase;
			buildActionMask = 2147483647;
			files = (
				7FA2A0972840D9F900413275 /* LaunchScreen.storyboard in Resources */,
				7FA2A0942840D9F900413275 /* Assets.xcassets in Resources */,
				7FA2A0922840D9F800413275 /* Main.storyboard in Resources */,
			);
			runOnlyForDeploymentPostprocessing = 0;
		};
		7FA2A09B2840D9F900413275 /* Resources */ = {
			isa = PBXResourcesBuildPhase;
			buildActionMask = 2147483647;
			files = (
			);
			runOnlyForDeploymentPostprocessing = 0;
		};
		7FA2A0A52840D9F900413275 /* Resources */ = {
			isa = PBXResourcesBuildPhase;
			buildActionMask = 2147483647;
			files = (
			);
			runOnlyForDeploymentPostprocessing = 0;
		};
/* End PBXResourcesBuildPhase section */

/* Begin PBXShellScriptBuildPhase section */
		0C7557DB183070C702724C21 /* [CP] Embed Pods Frameworks */ = {
			isa = PBXShellScriptBuildPhase;
			buildActionMask = 2147483647;
			files = (
			);
			inputFileListPaths = (
				"${PODS_ROOT}/Target Support Files/Pods-ReactiveImageSearcher+RxSwiftTests/Pods-ReactiveImageSearcher+RxSwiftTests-frameworks-${CONFIGURATION}-input-files.xcfilelist",
			);
			name = "[CP] Embed Pods Frameworks";
			outputFileListPaths = (
				"${PODS_ROOT}/Target Support Files/Pods-ReactiveImageSearcher+RxSwiftTests/Pods-ReactiveImageSearcher+RxSwiftTests-frameworks-${CONFIGURATION}-output-files.xcfilelist",
			);
			runOnlyForDeploymentPostprocessing = 0;
			shellPath = /bin/sh;
			shellScript = "\"${PODS_ROOT}/Target Support Files/Pods-ReactiveImageSearcher+RxSwiftTests/Pods-ReactiveImageSearcher+RxSwiftTests-frameworks.sh\"\n";
			showEnvVarsInLog = 0;
		};
		23E5B41EE1F7CBC02DFC1830 /* [CP] Embed Pods Frameworks */ = {
			isa = PBXShellScriptBuildPhase;
			buildActionMask = 2147483647;
			files = (
			);
			inputFileListPaths = (
				"${PODS_ROOT}/Target Support Files/Pods-ReactiveImageSearcher+RxSwift/Pods-ReactiveImageSearcher+RxSwift-frameworks-${CONFIGURATION}-input-files.xcfilelist",
			);
			name = "[CP] Embed Pods Frameworks";
			outputFileListPaths = (
				"${PODS_ROOT}/Target Support Files/Pods-ReactiveImageSearcher+RxSwift/Pods-ReactiveImageSearcher+RxSwift-frameworks-${CONFIGURATION}-output-files.xcfilelist",
			);
			runOnlyForDeploymentPostprocessing = 0;
			shellPath = /bin/sh;
			shellScript = "\"${PODS_ROOT}/Target Support Files/Pods-ReactiveImageSearcher+RxSwift/Pods-ReactiveImageSearcher+RxSwift-frameworks.sh\"\n";
			showEnvVarsInLog = 0;
		};
		451F9ADB2A8884582FD80458 /* [CP] Check Pods Manifest.lock */ = {
			isa = PBXShellScriptBuildPhase;
			buildActionMask = 2147483647;
			files = (
			);
			inputFileListPaths = (
			);
			inputPaths = (
				"${PODS_PODFILE_DIR_PATH}/Podfile.lock",
				"${PODS_ROOT}/Manifest.lock",
			);
			name = "[CP] Check Pods Manifest.lock";
			outputFileListPaths = (
			);
			outputPaths = (
				"$(DERIVED_FILE_DIR)/Pods-ReactiveImageSearcher+RxSwift-checkManifestLockResult.txt",
			);
			runOnlyForDeploymentPostprocessing = 0;
			shellPath = /bin/sh;
			shellScript = "diff \"${PODS_PODFILE_DIR_PATH}/Podfile.lock\" \"${PODS_ROOT}/Manifest.lock\" > /dev/null\nif [ $? != 0 ] ; then\n    # print error to STDERR\n    echo \"error: The sandbox is not in sync with the Podfile.lock. Run 'pod install' or update your CocoaPods installation.\" >&2\n    exit 1\nfi\n# This output is used by Xcode 'outputs' to avoid re-running this script phase.\necho \"SUCCESS\" > \"${SCRIPT_OUTPUT_FILE_0}\"\n";
			showEnvVarsInLog = 0;
		};
		4F056066A39DE37E8B0022D0 /* [CP] Embed Pods Frameworks */ = {
			isa = PBXShellScriptBuildPhase;
			buildActionMask = 2147483647;
			files = (
			);
			inputFileListPaths = (
				"${PODS_ROOT}/Target Support Files/Pods-ReactiveImageSearcher+RxSwift-ReactiveImageSearcher+RxSwiftUITests/Pods-ReactiveImageSearcher+RxSwift-ReactiveImageSearcher+RxSwiftUITests-frameworks-${CONFIGURATION}-input-files.xcfilelist",
			);
			name = "[CP] Embed Pods Frameworks";
			outputFileListPaths = (
				"${PODS_ROOT}/Target Support Files/Pods-ReactiveImageSearcher+RxSwift-ReactiveImageSearcher+RxSwiftUITests/Pods-ReactiveImageSearcher+RxSwift-ReactiveImageSearcher+RxSwiftUITests-frameworks-${CONFIGURATION}-output-files.xcfilelist",
			);
			runOnlyForDeploymentPostprocessing = 0;
			shellPath = /bin/sh;
			shellScript = "\"${PODS_ROOT}/Target Support Files/Pods-ReactiveImageSearcher+RxSwift-ReactiveImageSearcher+RxSwiftUITests/Pods-ReactiveImageSearcher+RxSwift-ReactiveImageSearcher+RxSwiftUITests-frameworks.sh\"\n";
			showEnvVarsInLog = 0;
		};
		7A96660F70A3BC72666F5DA9 /* [CP] Check Pods Manifest.lock */ = {
			isa = PBXShellScriptBuildPhase;
			buildActionMask = 2147483647;
			files = (
			);
			inputFileListPaths = (
			);
			inputPaths = (
				"${PODS_PODFILE_DIR_PATH}/Podfile.lock",
				"${PODS_ROOT}/Manifest.lock",
			);
			name = "[CP] Check Pods Manifest.lock";
			outputFileListPaths = (
			);
			outputPaths = (
				"$(DERIVED_FILE_DIR)/Pods-ReactiveImageSearcher+RxSwiftTests-checkManifestLockResult.txt",
			);
			runOnlyForDeploymentPostprocessing = 0;
			shellPath = /bin/sh;
			shellScript = "diff \"${PODS_PODFILE_DIR_PATH}/Podfile.lock\" \"${PODS_ROOT}/Manifest.lock\" > /dev/null\nif [ $? != 0 ] ; then\n    # print error to STDERR\n    echo \"error: The sandbox is not in sync with the Podfile.lock. Run 'pod install' or update your CocoaPods installation.\" >&2\n    exit 1\nfi\n# This output is used by Xcode 'outputs' to avoid re-running this script phase.\necho \"SUCCESS\" > \"${SCRIPT_OUTPUT_FILE_0}\"\n";
			showEnvVarsInLog = 0;
		};
		A3BD816815A38BF0B7019EF8 /* [CP] Check Pods Manifest.lock */ = {
			isa = PBXShellScriptBuildPhase;
			buildActionMask = 2147483647;
			files = (
			);
			inputFileListPaths = (
			);
			inputPaths = (
				"${PODS_PODFILE_DIR_PATH}/Podfile.lock",
				"${PODS_ROOT}/Manifest.lock",
			);
			name = "[CP] Check Pods Manifest.lock";
			outputFileListPaths = (
			);
			outputPaths = (
				"$(DERIVED_FILE_DIR)/Pods-ReactiveImageSearcher+RxSwift-ReactiveImageSearcher+RxSwiftUITests-checkManifestLockResult.txt",
			);
			runOnlyForDeploymentPostprocessing = 0;
			shellPath = /bin/sh;
			shellScript = "diff \"${PODS_PODFILE_DIR_PATH}/Podfile.lock\" \"${PODS_ROOT}/Manifest.lock\" > /dev/null\nif [ $? != 0 ] ; then\n    # print error to STDERR\n    echo \"error: The sandbox is not in sync with the Podfile.lock. Run 'pod install' or update your CocoaPods installation.\" >&2\n    exit 1\nfi\n# This output is used by Xcode 'outputs' to avoid re-running this script phase.\necho \"SUCCESS\" > \"${SCRIPT_OUTPUT_FILE_0}\"\n";
			showEnvVarsInLog = 0;
		};
/* End PBXShellScriptBuildPhase section */

/* Begin PBXSourcesBuildPhase section */
		7FA2A0832840D9F800413275 /* Sources */ = {
			isa = PBXSourcesBuildPhase;
			buildActionMask = 2147483647;
			files = (
				7FA2A08F2840D9F800413275 /* MainViewController.swift in Sources */,
				7FC1597F286A993E00D782A8 /* NetworkConfiguration.swift in Sources */,
				7FA2A08B2840D9F800413275 /* AppDelegate.swift in Sources */,
				7FC1597D286A98E200D782A8 /* Endpoint.swift in Sources */,
				7FC15981286AEA8700D782A8 /* NetworkService.swift in Sources */,
				7FA2A08D2840D9F800413275 /* SceneDelegate.swift in Sources */,
			);
			runOnlyForDeploymentPostprocessing = 0;
		};
		7FA2A0992840D9F900413275 /* Sources */ = {
			isa = PBXSourcesBuildPhase;
			buildActionMask = 2147483647;
			files = (
				7FC15983286C8D0500D782A8 /* NetworkServiceTests.swift in Sources */,
				7FA2A0A22840D9F900413275 /* ReactiveImageSearcher_RxSwiftTests.swift in Sources */,
			);
			runOnlyForDeploymentPostprocessing = 0;
		};
		7FA2A0A32840D9F900413275 /* Sources */ = {
			isa = PBXSourcesBuildPhase;
			buildActionMask = 2147483647;
			files = (
				7FA2A0AE2840D9F900413275 /* ReactiveImageSearcher_RxSwiftUITestsLaunchTests.swift in Sources */,
				7FA2A0AC2840D9F900413275 /* ReactiveImageSearcher_RxSwiftUITests.swift in Sources */,
			);
			runOnlyForDeploymentPostprocessing = 0;
		};
/* End PBXSourcesBuildPhase section */

/* Begin PBXTargetDependency section */
		7FA2A09F2840D9F900413275 /* PBXTargetDependency */ = {
			isa = PBXTargetDependency;
			target = 7FA2A0862840D9F800413275 /* ReactiveImageSearcher+RxSwift */;
			targetProxy = 7FA2A09E2840D9F900413275 /* PBXContainerItemProxy */;
		};
		7FA2A0A92840D9F900413275 /* PBXTargetDependency */ = {
			isa = PBXTargetDependency;
			target = 7FA2A0862840D9F800413275 /* ReactiveImageSearcher+RxSwift */;
			targetProxy = 7FA2A0A82840D9F900413275 /* PBXContainerItemProxy */;
		};
/* End PBXTargetDependency section */

/* Begin PBXVariantGroup section */
		7FA2A0902840D9F800413275 /* Main.storyboard */ = {
			isa = PBXVariantGroup;
			children = (
				7FA2A0912840D9F800413275 /* Base */,
			);
			name = Main.storyboard;
			sourceTree = "<group>";
		};
		7FA2A0952840D9F900413275 /* LaunchScreen.storyboard */ = {
			isa = PBXVariantGroup;
			children = (
				7FA2A0962840D9F900413275 /* Base */,
			);
			name = LaunchScreen.storyboard;
			sourceTree = "<group>";
		};
/* End PBXVariantGroup section */

/* Begin XCBuildConfiguration section */
		7FA2A0AF2840D9F900413275 /* Debug */ = {
			isa = XCBuildConfiguration;
			buildSettings = {
				ALWAYS_SEARCH_USER_PATHS = NO;
				CLANG_ANALYZER_NONNULL = YES;
				CLANG_ANALYZER_NUMBER_OBJECT_CONVERSION = YES_AGGRESSIVE;
				CLANG_CXX_LANGUAGE_STANDARD = "gnu++17";
				CLANG_ENABLE_MODULES = YES;
				CLANG_ENABLE_OBJC_ARC = YES;
				CLANG_ENABLE_OBJC_WEAK = YES;
				CLANG_WARN_BLOCK_CAPTURE_AUTORELEASING = YES;
				CLANG_WARN_BOOL_CONVERSION = YES;
				CLANG_WARN_COMMA = YES;
				CLANG_WARN_CONSTANT_CONVERSION = YES;
				CLANG_WARN_DEPRECATED_OBJC_IMPLEMENTATIONS = YES;
				CLANG_WARN_DIRECT_OBJC_ISA_USAGE = YES_ERROR;
				CLANG_WARN_DOCUMENTATION_COMMENTS = YES;
				CLANG_WARN_EMPTY_BODY = YES;
				CLANG_WARN_ENUM_CONVERSION = YES;
				CLANG_WARN_INFINITE_RECURSION = YES;
				CLANG_WARN_INT_CONVERSION = YES;
				CLANG_WARN_NON_LITERAL_NULL_CONVERSION = YES;
				CLANG_WARN_OBJC_IMPLICIT_RETAIN_SELF = YES;
				CLANG_WARN_OBJC_LITERAL_CONVERSION = YES;
				CLANG_WARN_OBJC_ROOT_CLASS = YES_ERROR;
				CLANG_WARN_QUOTED_INCLUDE_IN_FRAMEWORK_HEADER = YES;
				CLANG_WARN_RANGE_LOOP_ANALYSIS = YES;
				CLANG_WARN_STRICT_PROTOTYPES = YES;
				CLANG_WARN_SUSPICIOUS_MOVE = YES;
				CLANG_WARN_UNGUARDED_AVAILABILITY = YES_AGGRESSIVE;
				CLANG_WARN_UNREACHABLE_CODE = YES;
				CLANG_WARN__DUPLICATE_METHOD_MATCH = YES;
				COPY_PHASE_STRIP = NO;
				DEBUG_INFORMATION_FORMAT = dwarf;
				ENABLE_STRICT_OBJC_MSGSEND = YES;
				ENABLE_TESTABILITY = YES;
				GCC_C_LANGUAGE_STANDARD = gnu11;
				GCC_DYNAMIC_NO_PIC = NO;
				GCC_NO_COMMON_BLOCKS = YES;
				GCC_OPTIMIZATION_LEVEL = 0;
				GCC_PREPROCESSOR_DEFINITIONS = (
					"DEBUG=1",
					"$(inherited)",
				);
				GCC_WARN_64_TO_32_BIT_CONVERSION = YES;
				GCC_WARN_ABOUT_RETURN_TYPE = YES_ERROR;
				GCC_WARN_UNDECLARED_SELECTOR = YES;
				GCC_WARN_UNINITIALIZED_AUTOS = YES_AGGRESSIVE;
				GCC_WARN_UNUSED_FUNCTION = YES;
				GCC_WARN_UNUSED_VARIABLE = YES;
				IPHONEOS_DEPLOYMENT_TARGET = 15.5;
				MTL_ENABLE_DEBUG_INFO = INCLUDE_SOURCE;
				MTL_FAST_MATH = YES;
				ONLY_ACTIVE_ARCH = YES;
				SDKROOT = iphoneos;
				SWIFT_ACTIVE_COMPILATION_CONDITIONS = DEBUG;
				SWIFT_OPTIMIZATION_LEVEL = "-Onone";
			};
			name = Debug;
		};
		7FA2A0B02840D9F900413275 /* Release */ = {
			isa = XCBuildConfiguration;
			buildSettings = {
				ALWAYS_SEARCH_USER_PATHS = NO;
				CLANG_ANALYZER_NONNULL = YES;
				CLANG_ANALYZER_NUMBER_OBJECT_CONVERSION = YES_AGGRESSIVE;
				CLANG_CXX_LANGUAGE_STANDARD = "gnu++17";
				CLANG_ENABLE_MODULES = YES;
				CLANG_ENABLE_OBJC_ARC = YES;
				CLANG_ENABLE_OBJC_WEAK = YES;
				CLANG_WARN_BLOCK_CAPTURE_AUTORELEASING = YES;
				CLANG_WARN_BOOL_CONVERSION = YES;
				CLANG_WARN_COMMA = YES;
				CLANG_WARN_CONSTANT_CONVERSION = YES;
				CLANG_WARN_DEPRECATED_OBJC_IMPLEMENTATIONS = YES;
				CLANG_WARN_DIRECT_OBJC_ISA_USAGE = YES_ERROR;
				CLANG_WARN_DOCUMENTATION_COMMENTS = YES;
				CLANG_WARN_EMPTY_BODY = YES;
				CLANG_WARN_ENUM_CONVERSION = YES;
				CLANG_WARN_INFINITE_RECURSION = YES;
				CLANG_WARN_INT_CONVERSION = YES;
				CLANG_WARN_NON_LITERAL_NULL_CONVERSION = YES;
				CLANG_WARN_OBJC_IMPLICIT_RETAIN_SELF = YES;
				CLANG_WARN_OBJC_LITERAL_CONVERSION = YES;
				CLANG_WARN_OBJC_ROOT_CLASS = YES_ERROR;
				CLANG_WARN_QUOTED_INCLUDE_IN_FRAMEWORK_HEADER = YES;
				CLANG_WARN_RANGE_LOOP_ANALYSIS = YES;
				CLANG_WARN_STRICT_PROTOTYPES = YES;
				CLANG_WARN_SUSPICIOUS_MOVE = YES;
				CLANG_WARN_UNGUARDED_AVAILABILITY = YES_AGGRESSIVE;
				CLANG_WARN_UNREACHABLE_CODE = YES;
				CLANG_WARN__DUPLICATE_METHOD_MATCH = YES;
				COPY_PHASE_STRIP = NO;
				DEBUG_INFORMATION_FORMAT = "dwarf-with-dsym";
				ENABLE_NS_ASSERTIONS = NO;
				ENABLE_STRICT_OBJC_MSGSEND = YES;
				GCC_C_LANGUAGE_STANDARD = gnu11;
				GCC_NO_COMMON_BLOCKS = YES;
				GCC_WARN_64_TO_32_BIT_CONVERSION = YES;
				GCC_WARN_ABOUT_RETURN_TYPE = YES_ERROR;
				GCC_WARN_UNDECLARED_SELECTOR = YES;
				GCC_WARN_UNINITIALIZED_AUTOS = YES_AGGRESSIVE;
				GCC_WARN_UNUSED_FUNCTION = YES;
				GCC_WARN_UNUSED_VARIABLE = YES;
				IPHONEOS_DEPLOYMENT_TARGET = 15.5;
				MTL_ENABLE_DEBUG_INFO = NO;
				MTL_FAST_MATH = YES;
				SDKROOT = iphoneos;
				SWIFT_COMPILATION_MODE = wholemodule;
				SWIFT_OPTIMIZATION_LEVEL = "-O";
				VALIDATE_PRODUCT = YES;
			};
			name = Release;
		};
		7FA2A0B22840D9F900413275 /* Debug */ = {
			isa = XCBuildConfiguration;
			baseConfigurationReference = 371CEDF229F5FF8CAF71365D /* Pods-ReactiveImageSearcher+RxSwift.debug.xcconfig */;
			buildSettings = {
				ASSETCATALOG_COMPILER_APPICON_NAME = AppIcon;
				ASSETCATALOG_COMPILER_GLOBAL_ACCENT_COLOR_NAME = AccentColor;
				CODE_SIGN_STYLE = Automatic;
				CURRENT_PROJECT_VERSION = 1;
				DEVELOPMENT_TEAM = 3XVAQ6DRC4;
				GENERATE_INFOPLIST_FILE = YES;
				INFOPLIST_FILE = "ReactiveImageSearcher+RxSwift/Info.plist";
				INFOPLIST_KEY_UIApplicationSupportsIndirectInputEvents = YES;
				INFOPLIST_KEY_UILaunchStoryboardName = LaunchScreen;
				INFOPLIST_KEY_UIMainStoryboardFile = Main;
				INFOPLIST_KEY_UISupportedInterfaceOrientations_iPad = "UIInterfaceOrientationPortrait UIInterfaceOrientationPortraitUpsideDown UIInterfaceOrientationLandscapeLeft UIInterfaceOrientationLandscapeRight";
				INFOPLIST_KEY_UISupportedInterfaceOrientations_iPhone = "UIInterfaceOrientationPortrait UIInterfaceOrientationLandscapeLeft UIInterfaceOrientationLandscapeRight";
				LD_RUNPATH_SEARCH_PATHS = (
					"$(inherited)",
					"@executable_path/Frameworks",
				);
				MARKETING_VERSION = 1.0;
				PRODUCT_BUNDLE_IDENTIFIER = "com.ido.ReactiveImageSearcher-RxSwift";
				PRODUCT_NAME = "$(TARGET_NAME)";
				SWIFT_EMIT_LOC_STRINGS = YES;
				SWIFT_VERSION = 5.0;
				TARGETED_DEVICE_FAMILY = "1,2";
			};
			name = Debug;
		};
		7FA2A0B32840D9F900413275 /* Release */ = {
			isa = XCBuildConfiguration;
			baseConfigurationReference = 8924D1E562DF84517456A7AF /* Pods-ReactiveImageSearcher+RxSwift.release.xcconfig */;
			buildSettings = {
				ASSETCATALOG_COMPILER_APPICON_NAME = AppIcon;
				ASSETCATALOG_COMPILER_GLOBAL_ACCENT_COLOR_NAME = AccentColor;
				CODE_SIGN_STYLE = Automatic;
				CURRENT_PROJECT_VERSION = 1;
				DEVELOPMENT_TEAM = 3XVAQ6DRC4;
				GENERATE_INFOPLIST_FILE = YES;
				INFOPLIST_FILE = "ReactiveImageSearcher+RxSwift/Info.plist";
				INFOPLIST_KEY_UIApplicationSupportsIndirectInputEvents = YES;
				INFOPLIST_KEY_UILaunchStoryboardName = LaunchScreen;
				INFOPLIST_KEY_UIMainStoryboardFile = Main;
				INFOPLIST_KEY_UISupportedInterfaceOrientations_iPad = "UIInterfaceOrientationPortrait UIInterfaceOrientationPortraitUpsideDown UIInterfaceOrientationLandscapeLeft UIInterfaceOrientationLandscapeRight";
				INFOPLIST_KEY_UISupportedInterfaceOrientations_iPhone = "UIInterfaceOrientationPortrait UIInterfaceOrientationLandscapeLeft UIInterfaceOrientationLandscapeRight";
				LD_RUNPATH_SEARCH_PATHS = (
					"$(inherited)",
					"@executable_path/Frameworks",
				);
				MARKETING_VERSION = 1.0;
				PRODUCT_BUNDLE_IDENTIFIER = "com.ido.ReactiveImageSearcher-RxSwift";
				PRODUCT_NAME = "$(TARGET_NAME)";
				SWIFT_EMIT_LOC_STRINGS = YES;
				SWIFT_VERSION = 5.0;
				TARGETED_DEVICE_FAMILY = "1,2";
			};
			name = Release;
		};
		7FA2A0B52840D9F900413275 /* Debug */ = {
			isa = XCBuildConfiguration;
			baseConfigurationReference = AA6C48DB71C2A11C6548CC81 /* Pods-ReactiveImageSearcher+RxSwiftTests.debug.xcconfig */;
			buildSettings = {
				ALWAYS_EMBED_SWIFT_STANDARD_LIBRARIES = YES;
				BUNDLE_LOADER = "$(TEST_HOST)";
				CODE_SIGN_STYLE = Automatic;
				CURRENT_PROJECT_VERSION = 1;
				DEVELOPMENT_TEAM = 3XVAQ6DRC4;
				GENERATE_INFOPLIST_FILE = YES;
				IPHONEOS_DEPLOYMENT_TARGET = 15.5;
				MARKETING_VERSION = 1.0;
				PRODUCT_BUNDLE_IDENTIFIER = "com.ido.ReactiveImageSearcher-RxSwiftTests";
				PRODUCT_NAME = "$(TARGET_NAME)";
				SWIFT_EMIT_LOC_STRINGS = NO;
				SWIFT_VERSION = 5.0;
				TARGETED_DEVICE_FAMILY = "1,2";
				TEST_HOST = "$(BUILT_PRODUCTS_DIR)/ReactiveImageSearcher+RxSwift.app/ReactiveImageSearcher+RxSwift";
			};
			name = Debug;
		};
		7FA2A0B62840D9F900413275 /* Release */ = {
			isa = XCBuildConfiguration;
			baseConfigurationReference = 065814C607D10D4F902912A1 /* Pods-ReactiveImageSearcher+RxSwiftTests.release.xcconfig */;
			buildSettings = {
				ALWAYS_EMBED_SWIFT_STANDARD_LIBRARIES = YES;
				BUNDLE_LOADER = "$(TEST_HOST)";
				CODE_SIGN_STYLE = Automatic;
				CURRENT_PROJECT_VERSION = 1;
				DEVELOPMENT_TEAM = 3XVAQ6DRC4;
				GENERATE_INFOPLIST_FILE = YES;
				IPHONEOS_DEPLOYMENT_TARGET = 15.5;
				MARKETING_VERSION = 1.0;
				PRODUCT_BUNDLE_IDENTIFIER = "com.ido.ReactiveImageSearcher-RxSwiftTests";
				PRODUCT_NAME = "$(TARGET_NAME)";
				SWIFT_EMIT_LOC_STRINGS = NO;
				SWIFT_VERSION = 5.0;
				TARGETED_DEVICE_FAMILY = "1,2";
				TEST_HOST = "$(BUILT_PRODUCTS_DIR)/ReactiveImageSearcher+RxSwift.app/ReactiveImageSearcher+RxSwift";
			};
			name = Release;
		};
		7FA2A0B82840D9F900413275 /* Debug */ = {
			isa = XCBuildConfiguration;
			baseConfigurationReference = D12385DCC3B7E76AB032ACCD /* Pods-ReactiveImageSearcher+RxSwift-ReactiveImageSearcher+RxSwiftUITests.debug.xcconfig */;
			buildSettings = {
				ALWAYS_EMBED_SWIFT_STANDARD_LIBRARIES = YES;
				CODE_SIGN_STYLE = Automatic;
				CURRENT_PROJECT_VERSION = 1;
				DEVELOPMENT_TEAM = 3XVAQ6DRC4;
				GENERATE_INFOPLIST_FILE = YES;
				MARKETING_VERSION = 1.0;
				PRODUCT_BUNDLE_IDENTIFIER = "com.ido.ReactiveImageSearcher-RxSwiftUITests";
				PRODUCT_NAME = "$(TARGET_NAME)";
				SWIFT_EMIT_LOC_STRINGS = NO;
				SWIFT_VERSION = 5.0;
				TARGETED_DEVICE_FAMILY = "1,2";
				TEST_TARGET_NAME = "ReactiveImageSearcher+RxSwift";
			};
			name = Debug;
		};
		7FA2A0B92840D9F900413275 /* Release */ = {
			isa = XCBuildConfiguration;
			baseConfigurationReference = BCE77C8FFC91D1BB3D70536F /* Pods-ReactiveImageSearcher+RxSwift-ReactiveImageSearcher+RxSwiftUITests.release.xcconfig */;
			buildSettings = {
				ALWAYS_EMBED_SWIFT_STANDARD_LIBRARIES = YES;
				CODE_SIGN_STYLE = Automatic;
				CURRENT_PROJECT_VERSION = 1;
				DEVELOPMENT_TEAM = 3XVAQ6DRC4;
				GENERATE_INFOPLIST_FILE = YES;
				MARKETING_VERSION = 1.0;
				PRODUCT_BUNDLE_IDENTIFIER = "com.ido.ReactiveImageSearcher-RxSwiftUITests";
				PRODUCT_NAME = "$(TARGET_NAME)";
				SWIFT_EMIT_LOC_STRINGS = NO;
				SWIFT_VERSION = 5.0;
				TARGETED_DEVICE_FAMILY = "1,2";
				TEST_TARGET_NAME = "ReactiveImageSearcher+RxSwift";
			};
			name = Release;
		};
/* End XCBuildConfiguration section */

/* Begin XCConfigurationList section */
		7FA2A0822840D9F800413275 /* Build configuration list for PBXProject "ReactiveImageSearcher+RxSwift" */ = {
			isa = XCConfigurationList;
			buildConfigurations = (
				7FA2A0AF2840D9F900413275 /* Debug */,
				7FA2A0B02840D9F900413275 /* Release */,
			);
			defaultConfigurationIsVisible = 0;
			defaultConfigurationName = Release;
		};
		7FA2A0B12840D9F900413275 /* Build configuration list for PBXNativeTarget "ReactiveImageSearcher+RxSwift" */ = {
			isa = XCConfigurationList;
			buildConfigurations = (
				7FA2A0B22840D9F900413275 /* Debug */,
				7FA2A0B32840D9F900413275 /* Release */,
			);
			defaultConfigurationIsVisible = 0;
			defaultConfigurationName = Release;
		};
		7FA2A0B42840D9F900413275 /* Build configuration list for PBXNativeTarget "ReactiveImageSearcher+RxSwiftTests" */ = {
			isa = XCConfigurationList;
			buildConfigurations = (
				7FA2A0B52840D9F900413275 /* Debug */,
				7FA2A0B62840D9F900413275 /* Release */,
			);
			defaultConfigurationIsVisible = 0;
			defaultConfigurationName = Release;
		};
		7FA2A0B72840D9F900413275 /* Build configuration list for PBXNativeTarget "ReactiveImageSearcher+RxSwiftUITests" */ = {
			isa = XCConfigurationList;
			buildConfigurations = (
				7FA2A0B82840D9F900413275 /* Debug */,
				7FA2A0B92840D9F900413275 /* Release */,
			);
			defaultConfigurationIsVisible = 0;
			defaultConfigurationName = Release;
		};
/* End XCConfigurationList section */
	};
	rootObject = 7FA2A07F2840D9F800413275 /* Project object */;
}
